// !$*UTF8*$!
{
	archiveVersion = 1;
	classes = {
	};
	objectVersion = 46;
	objects = {

/* Begin PBXBuildFile section */
		F73ABEDC1C06B24300B8C048 /* AudioToolbox.framework in Frameworks */ = {isa = PBXBuildFile; fileRef = F73ABEDB1C06B24300B8C048 /* AudioToolbox.framework */; };
		F73ABEDE1C06B24E00B8C048 /* CFNetwork.framework in Frameworks */ = {isa = PBXBuildFile; fileRef = F73ABEDD1C06B24E00B8C048 /* CFNetwork.framework */; };
		F73ABEE01C06B25C00B8C048 /* CoreGraphics.framework in Frameworks */ = {isa = PBXBuildFile; fileRef = F73ABEDF1C06B25C00B8C048 /* CoreGraphics.framework */; };
		F73ABEE21C06B26000B8C048 /* CoreLocation.framework in Frameworks */ = {isa = PBXBuildFile; fileRef = F73ABEE11C06B26000B8C048 /* CoreLocation.framework */; };
		F73ABEE41C06B26400B8C048 /* MobileCoreServices.framework in Frameworks */ = {isa = PBXBuildFile; fileRef = F73ABEE31C06B26400B8C048 /* MobileCoreServices.framework */; };
		F73ABEE61C06B27000B8C048 /* QuartzCore.framework in Frameworks */ = {isa = PBXBuildFile; fileRef = F73ABEE51C06B27000B8C048 /* QuartzCore.framework */; };
		F73ABEE81C06B27400B8C048 /* Security.framework in Frameworks */ = {isa = PBXBuildFile; fileRef = F73ABEE71C06B27400B8C048 /* Security.framework */; };
		F73ABEEA1C06B27A00B8C048 /* StoreKit.framework in Frameworks */ = {isa = PBXBuildFile; fileRef = F73ABEE91C06B27A00B8C048 /* StoreKit.framework */; };
		F73ABEEC1C06B28500B8C048 /* SystemConfiguration.framework in Frameworks */ = {isa = PBXBuildFile; fileRef = F73ABEEB1C06B28500B8C048 /* SystemConfiguration.framework */; };
		F73ABEEE1C06B2BA00B8C048 /* libz.tbd in Frameworks */ = {isa = PBXBuildFile; fileRef = F73ABEED1C06B2BA00B8C048 /* libz.tbd */; };
		F73ABEF01C06B2C400B8C048 /* libsqlite3.tbd in Frameworks */ = {isa = PBXBuildFile; fileRef = F73ABEEF1C06B2C400B8C048 /* libsqlite3.tbd */; };
		F73ABEF21C06B2FD00B8C048 /* Accounts.framework in Frameworks */ = {isa = PBXBuildFile; fileRef = F73ABEF11C06B2FD00B8C048 /* Accounts.framework */; };
		F73ABEF41C06B31D00B8C048 /* Social.framework in Frameworks */ = {isa = PBXBuildFile; fileRef = F73ABEF31C06B31D00B8C048 /* Social.framework */; };
		F755E4FE1C5406D000B7C3CB /* TakePictureViewController.m in Sources */ = {isa = PBXBuildFile; fileRef = F755E4FD1C5406D000B7C3CB /* TakePictureViewController.m */; };
		F755E5011C54272600B7C3CB /* ActivitiesViewController.m in Sources */ = {isa = PBXBuildFile; fileRef = F755E5001C54272600B7C3CB /* ActivitiesViewController.m */; };
		F75AA2B91C534076003790E8 /* baymax2.png in Resources */ = {isa = PBXBuildFile; fileRef = F75AA2B81C534076003790E8 /* baymax2.png */; };
		F767D7971C0BC5B300A0AC49 /* DetailsViewController.m in Sources */ = {isa = PBXBuildFile; fileRef = F767D7961C0BC5B300A0AC49 /* DetailsViewController.m */; };
		F767D79D1C0CE47100A0AC49 /* NewWorkoutViewController.m in Sources */ = {isa = PBXBuildFile; fileRef = F767D79C1C0CE47100A0AC49 /* NewWorkoutViewController.m */; };
		F7919FF61C06B7A1001B8C0E /* Bolts.framework in Frameworks */ = {isa = PBXBuildFile; fileRef = F7919FF31C06B7A1001B8C0E /* Bolts.framework */; };
		F7919FF71C06B7A1001B8C0E /* Parse.framework in Frameworks */ = {isa = PBXBuildFile; fileRef = F7919FF41C06B7A1001B8C0E /* Parse.framework */; };
		F7919FF81C06B7A1001B8C0E /* ParseUI.framework in Frameworks */ = {isa = PBXBuildFile; fileRef = F7919FF51C06B7A1001B8C0E /* ParseUI.framework */; };
		F7919FFB1C06BAFE001B8C0E /* logInViewController.m in Sources */ = {isa = PBXBuildFile; fileRef = F7919FFA1C06BAFE001B8C0E /* logInViewController.m */; };
		F7919FFE1C0790C4001B8C0E /* SignupViewController.m in Sources */ = {isa = PBXBuildFile; fileRef = F7919FFD1C0790C4001B8C0E /* SignupViewController.m */; };
		F79788A91BFC287700884700 /* main.m in Sources */ = {isa = PBXBuildFile; fileRef = F79788A81BFC287700884700 /* main.m */; };
		F79788AC1BFC287700884700 /* AppDelegate.m in Sources */ = {isa = PBXBuildFile; fileRef = F79788AB1BFC287700884700 /* AppDelegate.m */; };
		F79788B71BFC287700884700 /* Assets.xcassets in Resources */ = {isa = PBXBuildFile; fileRef = F79788B61BFC287700884700 /* Assets.xcassets */; };
		F79788BA1BFC287700884700 /* LaunchScreen.storyboard in Resources */ = {isa = PBXBuildFile; fileRef = F79788B81BFC287700884700 /* LaunchScreen.storyboard */; };
		F79788C51BFC287700884700 /* WorkoutSelectionTests.m in Sources */ = {isa = PBXBuildFile; fileRef = F79788C41BFC287700884700 /* WorkoutSelectionTests.m */; };
		F79788D01BFC287700884700 /* WorkoutSelectionUITests.m in Sources */ = {isa = PBXBuildFile; fileRef = F79788CF1BFC287700884700 /* WorkoutSelectionUITests.m */; };
		F7A4B2971BFED08E00A90F09 /* WorkoutTableViewController.m in Sources */ = {isa = PBXBuildFile; fileRef = F7A4B2961BFED08E00A90F09 /* WorkoutTableViewController.m */; };
		F7B45A4A1C14F29C00ABE0CA /* running.png in Resources */ = {isa = PBXBuildFile; fileRef = F7B45A491C14F29C00ABE0CA /* running.png */; };
		F7B45A531C14F7F300ABE0CA /* blueWeight.png in Resources */ = {isa = PBXBuildFile; fileRef = F7B45A511C14F7F300ABE0CA /* blueWeight.png */; };
		F7B45A541C14F7F300ABE0CA /* orangeWorkbook.png in Resources */ = {isa = PBXBuildFile; fileRef = F7B45A521C14F7F300ABE0CA /* orangeWorkbook.png */; };
		F7CCF3AE1C14E6C70081AC26 /* summerPark.jpg in Resources */ = {isa = PBXBuildFile; fileRef = F7CCF3AD1C14E6C70081AC26 /* summerPark.jpg */; };
		F7CCF3B01C14E9500081AC26 /* profile_icons.png in Resources */ = {isa = PBXBuildFile; fileRef = F7CCF3AF1C14E9500081AC26 /* profile_icons.png */; };
		F7F547741C54D239008EF1E5 /* baymaxvig2.png in Resources */ = {isa = PBXBuildFile; fileRef = F7F547731C54D239008EF1E5 /* baymaxvig2.png */; };
		F7F547761C54D683008EF1E5 /* Main.storyboard in Resources */ = {isa = PBXBuildFile; fileRef = F7F547751C54D683008EF1E5 /* Main.storyboard */; };
		F7F547831C54E3EB008EF1E5 /* IntermediateViewController.m in Sources */ = {isa = PBXBuildFile; fileRef = F7F547821C54E3EB008EF1E5 /* IntermediateViewController.m */; };
		F7F547851C54FCE1008EF1E5 /* philadelphia-skyline.jpg in Resources */ = {isa = PBXBuildFile; fileRef = F7F547841C54FCE1008EF1E5 /* philadelphia-skyline.jpg */; };
		F7F5478B1C5503C0008EF1E5 /* baymaxhero.png in Resources */ = {isa = PBXBuildFile; fileRef = F7F547861C5503C0008EF1E5 /* baymaxhero.png */; };
		F7F5478C1C5503C0008EF1E5 /* baymaxrookie.png in Resources */ = {isa = PBXBuildFile; fileRef = F7F547871C5503C0008EF1E5 /* baymaxrookie.png */; };
		F7F5478D1C5503C0008EF1E5 /* baymaxsidekick.png in Resources */ = {isa = PBXBuildFile; fileRef = F7F547881C5503C0008EF1E5 /* baymaxsidekick.png */; };
		F7F5478E1C5503C0008EF1E5 /* baymaxvigilante.png in Resources */ = {isa = PBXBuildFile; fileRef = F7F547891C5503C0008EF1E5 /* baymaxvigilante.png */; };
		F7F5478F1C5503C0008EF1E5 /* baymaxwarrior.png in Resources */ = {isa = PBXBuildFile; fileRef = F7F5478A1C5503C0008EF1E5 /* baymaxwarrior.png */; };
/* End PBXBuildFile section */

/* Begin PBXContainerItemProxy section */
		F79788C11BFC287700884700 /* PBXContainerItemProxy */ = {
			isa = PBXContainerItemProxy;
			containerPortal = F797889C1BFC287700884700 /* Project object */;
			proxyType = 1;
			remoteGlobalIDString = F79788A31BFC287700884700;
			remoteInfo = WorkoutSelection;
		};
		F79788CC1BFC287700884700 /* PBXContainerItemProxy */ = {
			isa = PBXContainerItemProxy;
			containerPortal = F797889C1BFC287700884700 /* Project object */;
			proxyType = 1;
			remoteGlobalIDString = F79788A31BFC287700884700;
			remoteInfo = WorkoutSelection;
		};
/* End PBXContainerItemProxy section */

/* Begin PBXFileReference section */
		F73ABED51C06B21C00B8C048 /* Bolts.framework */ = {isa = PBXFileReference; lastKnownFileType = wrapper.framework; name = Bolts.framework; path = "../../../Downloads/parse-library-1.10.0 2/Bolts.framework"; sourceTree = "<group>"; };
		F73ABED71C06B21C00B8C048 /* ParseUI.framework */ = {isa = PBXFileReference; lastKnownFileType = wrapper.framework; name = ParseUI.framework; path = "../../../Downloads/parse-library-1.10.0 2/ParseUI.framework"; sourceTree = "<group>"; };
		F73ABEDB1C06B24300B8C048 /* AudioToolbox.framework */ = {isa = PBXFileReference; lastKnownFileType = wrapper.framework; name = AudioToolbox.framework; path = System/Library/Frameworks/AudioToolbox.framework; sourceTree = SDKROOT; };
		F73ABEDD1C06B24E00B8C048 /* CFNetwork.framework */ = {isa = PBXFileReference; lastKnownFileType = wrapper.framework; name = CFNetwork.framework; path = System/Library/Frameworks/CFNetwork.framework; sourceTree = SDKROOT; };
		F73ABEDF1C06B25C00B8C048 /* CoreGraphics.framework */ = {isa = PBXFileReference; lastKnownFileType = wrapper.framework; name = CoreGraphics.framework; path = System/Library/Frameworks/CoreGraphics.framework; sourceTree = SDKROOT; };
		F73ABEE11C06B26000B8C048 /* CoreLocation.framework */ = {isa = PBXFileReference; lastKnownFileType = wrapper.framework; name = CoreLocation.framework; path = System/Library/Frameworks/CoreLocation.framework; sourceTree = SDKROOT; };
		F73ABEE31C06B26400B8C048 /* MobileCoreServices.framework */ = {isa = PBXFileReference; lastKnownFileType = wrapper.framework; name = MobileCoreServices.framework; path = System/Library/Frameworks/MobileCoreServices.framework; sourceTree = SDKROOT; };
		F73ABEE51C06B27000B8C048 /* QuartzCore.framework */ = {isa = PBXFileReference; lastKnownFileType = wrapper.framework; name = QuartzCore.framework; path = System/Library/Frameworks/QuartzCore.framework; sourceTree = SDKROOT; };
		F73ABEE71C06B27400B8C048 /* Security.framework */ = {isa = PBXFileReference; lastKnownFileType = wrapper.framework; name = Security.framework; path = System/Library/Frameworks/Security.framework; sourceTree = SDKROOT; };
		F73ABEE91C06B27A00B8C048 /* StoreKit.framework */ = {isa = PBXFileReference; lastKnownFileType = wrapper.framework; name = StoreKit.framework; path = System/Library/Frameworks/StoreKit.framework; sourceTree = SDKROOT; };
		F73ABEEB1C06B28500B8C048 /* SystemConfiguration.framework */ = {isa = PBXFileReference; lastKnownFileType = wrapper.framework; name = SystemConfiguration.framework; path = System/Library/Frameworks/SystemConfiguration.framework; sourceTree = SDKROOT; };
		F73ABEED1C06B2BA00B8C048 /* libz.tbd */ = {isa = PBXFileReference; lastKnownFileType = "sourcecode.text-based-dylib-definition"; name = libz.tbd; path = usr/lib/libz.tbd; sourceTree = SDKROOT; };
		F73ABEEF1C06B2C400B8C048 /* libsqlite3.tbd */ = {isa = PBXFileReference; lastKnownFileType = "sourcecode.text-based-dylib-definition"; name = libsqlite3.tbd; path = usr/lib/libsqlite3.tbd; sourceTree = SDKROOT; };
		F73ABEF11C06B2FD00B8C048 /* Accounts.framework */ = {isa = PBXFileReference; lastKnownFileType = wrapper.framework; name = Accounts.framework; path = System/Library/Frameworks/Accounts.framework; sourceTree = SDKROOT; };
		F73ABEF31C06B31D00B8C048 /* Social.framework */ = {isa = PBXFileReference; lastKnownFileType = wrapper.framework; name = Social.framework; path = System/Library/Frameworks/Social.framework; sourceTree = SDKROOT; };
		F755E4FC1C5406D000B7C3CB /* TakePictureViewController.h */ = {isa = PBXFileReference; fileEncoding = 4; lastKnownFileType = sourcecode.c.h; path = TakePictureViewController.h; sourceTree = "<group>"; };
		F755E4FD1C5406D000B7C3CB /* TakePictureViewController.m */ = {isa = PBXFileReference; fileEncoding = 4; lastKnownFileType = sourcecode.c.objc; path = TakePictureViewController.m; sourceTree = "<group>"; };
		F755E4FF1C54272600B7C3CB /* ActivitiesViewController.h */ = {isa = PBXFileReference; fileEncoding = 4; lastKnownFileType = sourcecode.c.h; path = ActivitiesViewController.h; sourceTree = "<group>"; };
		F755E5001C54272600B7C3CB /* ActivitiesViewController.m */ = {isa = PBXFileReference; fileEncoding = 4; lastKnownFileType = sourcecode.c.objc; path = ActivitiesViewController.m; sourceTree = "<group>"; };
		F75AA2B81C534076003790E8 /* baymax2.png */ = {isa = PBXFileReference; lastKnownFileType = image.png; name = baymax2.png; path = ../baymax2.png; sourceTree = "<group>"; };
		F767D7951C0BC5B300A0AC49 /* DetailsViewController.h */ = {isa = PBXFileReference; fileEncoding = 4; lastKnownFileType = sourcecode.c.h; path = DetailsViewController.h; sourceTree = "<group>"; };
		F767D7961C0BC5B300A0AC49 /* DetailsViewController.m */ = {isa = PBXFileReference; fileEncoding = 4; lastKnownFileType = sourcecode.c.objc; path = DetailsViewController.m; sourceTree = "<group>"; };
		F767D79B1C0CE47100A0AC49 /* NewWorkoutViewController.h */ = {isa = PBXFileReference; fileEncoding = 4; lastKnownFileType = sourcecode.c.h; path = NewWorkoutViewController.h; sourceTree = "<group>"; };
		F767D79C1C0CE47100A0AC49 /* NewWorkoutViewController.m */ = {isa = PBXFileReference; fileEncoding = 4; lastKnownFileType = sourcecode.c.objc; path = NewWorkoutViewController.m; sourceTree = "<group>"; };
		F7919FF31C06B7A1001B8C0E /* Bolts.framework */ = {isa = PBXFileReference; lastKnownFileType = wrapper.framework; path = Bolts.framework; sourceTree = "<group>"; };
		F7919FF41C06B7A1001B8C0E /* Parse.framework */ = {isa = PBXFileReference; lastKnownFileType = wrapper.framework; path = Parse.framework; sourceTree = "<group>"; };
		F7919FF51C06B7A1001B8C0E /* ParseUI.framework */ = {isa = PBXFileReference; lastKnownFileType = wrapper.framework; path = ParseUI.framework; sourceTree = "<group>"; };
		F7919FF91C06BAFE001B8C0E /* logInViewController.h */ = {isa = PBXFileReference; fileEncoding = 4; lastKnownFileType = sourcecode.c.h; path = logInViewController.h; sourceTree = "<group>"; };
		F7919FFA1C06BAFE001B8C0E /* logInViewController.m */ = {isa = PBXFileReference; fileEncoding = 4; lastKnownFileType = sourcecode.c.objc; path = logInViewController.m; sourceTree = "<group>"; };
		F7919FFC1C0790C4001B8C0E /* SignupViewController.h */ = {isa = PBXFileReference; fileEncoding = 4; lastKnownFileType = sourcecode.c.h; path = SignupViewController.h; sourceTree = "<group>"; };
		F7919FFD1C0790C4001B8C0E /* SignupViewController.m */ = {isa = PBXFileReference; fileEncoding = 4; lastKnownFileType = sourcecode.c.objc; path = SignupViewController.m; sourceTree = "<group>"; };
		F79788A41BFC287700884700 /* WorkoutSelection.app */ = {isa = PBXFileReference; explicitFileType = wrapper.application; includeInIndex = 0; path = WorkoutSelection.app; sourceTree = BUILT_PRODUCTS_DIR; };
		F79788A81BFC287700884700 /* main.m */ = {isa = PBXFileReference; lastKnownFileType = sourcecode.c.objc; path = main.m; sourceTree = "<group>"; };
		F79788AA1BFC287700884700 /* AppDelegate.h */ = {isa = PBXFileReference; lastKnownFileType = sourcecode.c.h; path = AppDelegate.h; sourceTree = "<group>"; };
		F79788AB1BFC287700884700 /* AppDelegate.m */ = {isa = PBXFileReference; lastKnownFileType = sourcecode.c.objc; path = AppDelegate.m; sourceTree = "<group>"; };
		F79788B61BFC287700884700 /* Assets.xcassets */ = {isa = PBXFileReference; lastKnownFileType = folder.assetcatalog; path = Assets.xcassets; sourceTree = "<group>"; };
		F79788B91BFC287700884700 /* Base */ = {isa = PBXFileReference; lastKnownFileType = file.storyboard; name = Base; path = Base.lproj/LaunchScreen.storyboard; sourceTree = "<group>"; };
		F79788BB1BFC287700884700 /* Info.plist */ = {isa = PBXFileReference; lastKnownFileType = text.plist.xml; path = Info.plist; sourceTree = "<group>"; };
		F79788C01BFC287700884700 /* WorkoutSelectionTests.xctest */ = {isa = PBXFileReference; explicitFileType = wrapper.cfbundle; includeInIndex = 0; path = WorkoutSelectionTests.xctest; sourceTree = BUILT_PRODUCTS_DIR; };
		F79788C41BFC287700884700 /* WorkoutSelectionTests.m */ = {isa = PBXFileReference; lastKnownFileType = sourcecode.c.objc; path = WorkoutSelectionTests.m; sourceTree = "<group>"; };
		F79788C61BFC287700884700 /* Info.plist */ = {isa = PBXFileReference; lastKnownFileType = text.plist.xml; path = Info.plist; sourceTree = "<group>"; };
		F79788CB1BFC287700884700 /* WorkoutSelectionUITests.xctest */ = {isa = PBXFileReference; explicitFileType = wrapper.cfbundle; includeInIndex = 0; path = WorkoutSelectionUITests.xctest; sourceTree = BUILT_PRODUCTS_DIR; };
		F79788CF1BFC287700884700 /* WorkoutSelectionUITests.m */ = {isa = PBXFileReference; lastKnownFileType = sourcecode.c.objc; path = WorkoutSelectionUITests.m; sourceTree = "<group>"; };
		F79788D11BFC287700884700 /* Info.plist */ = {isa = PBXFileReference; lastKnownFileType = text.plist.xml; path = Info.plist; sourceTree = "<group>"; };
		F7A4B2951BFED08E00A90F09 /* WorkoutTableViewController.h */ = {isa = PBXFileReference; fileEncoding = 4; lastKnownFileType = sourcecode.c.h; name = WorkoutTableViewController.h; path = ../WorkoutTableViewController.h; sourceTree = "<group>"; };
		F7A4B2961BFED08E00A90F09 /* WorkoutTableViewController.m */ = {isa = PBXFileReference; fileEncoding = 4; lastKnownFileType = sourcecode.c.objc; name = WorkoutTableViewController.m; path = ../WorkoutTableViewController.m; sourceTree = "<group>"; };
		F7B45A491C14F29C00ABE0CA /* running.png */ = {isa = PBXFileReference; lastKnownFileType = image.png; path = running.png; sourceTree = "<group>"; };
		F7B45A511C14F7F300ABE0CA /* blueWeight.png */ = {isa = PBXFileReference; lastKnownFileType = image.png; path = blueWeight.png; sourceTree = "<group>"; };
		F7B45A521C14F7F300ABE0CA /* orangeWorkbook.png */ = {isa = PBXFileReference; lastKnownFileType = image.png; path = orangeWorkbook.png; sourceTree = "<group>"; };
		F7CCF3AD1C14E6C70081AC26 /* summerPark.jpg */ = {isa = PBXFileReference; lastKnownFileType = image.jpeg; path = summerPark.jpg; sourceTree = "<group>"; };
		F7CCF3AF1C14E9500081AC26 /* profile_icons.png */ = {isa = PBXFileReference; lastKnownFileType = image.png; path = profile_icons.png; sourceTree = "<group>"; };
		F7F547731C54D239008EF1E5 /* baymaxvig2.png */ = {isa = PBXFileReference; lastKnownFileType = image.png; name = baymaxvig2.png; path = ../../../../Desktop/baymaxvig2.png; sourceTree = "<group>"; };
		F7F547751C54D683008EF1E5 /* Main.storyboard */ = {isa = PBXFileReference; fileEncoding = 4; lastKnownFileType = file.storyboard; name = Main.storyboard; path = ../../../../.Trash/Main.storyboard; sourceTree = "<group>"; };
		F7F547811C54E3EB008EF1E5 /* IntermediateViewController.h */ = {isa = PBXFileReference; fileEncoding = 4; lastKnownFileType = sourcecode.c.h; path = IntermediateViewController.h; sourceTree = "<group>"; };
		F7F547821C54E3EB008EF1E5 /* IntermediateViewController.m */ = {isa = PBXFileReference; fileEncoding = 4; lastKnownFileType = sourcecode.c.objc; path = IntermediateViewController.m; sourceTree = "<group>"; };
		F7F547841C54FCE1008EF1E5 /* philadelphia-skyline.jpg */ = {isa = PBXFileReference; lastKnownFileType = image.jpeg; name = "philadelphia-skyline.jpg"; path = "../../../../Desktop/philadelphia-skyline.jpg"; sourceTree = "<group>"; };
		F7F547861C5503C0008EF1E5 /* baymaxhero.png */ = {isa = PBXFileReference; lastKnownFileType = image.png; name = baymaxhero.png; path = ../../../../Desktop/baymaxhero.png; sourceTree = "<group>"; };
		F7F547871C5503C0008EF1E5 /* baymaxrookie.png */ = {isa = PBXFileReference; lastKnownFileType = image.png; name = baymaxrookie.png; path = ../../../../Desktop/baymaxrookie.png; sourceTree = "<group>"; };
		F7F547881C5503C0008EF1E5 /* baymaxsidekick.png */ = {isa = PBXFileReference; lastKnownFileType = image.png; name = baymaxsidekick.png; path = ../../../../Desktop/baymaxsidekick.png; sourceTree = "<group>"; };
		F7F547891C5503C0008EF1E5 /* baymaxvigilante.png */ = {isa = PBXFileReference; lastKnownFileType = image.png; name = baymaxvigilante.png; path = ../../../../Desktop/baymaxvigilante.png; sourceTree = "<group>"; };
		F7F5478A1C5503C0008EF1E5 /* baymaxwarrior.png */ = {isa = PBXFileReference; lastKnownFileType = image.png; name = baymaxwarrior.png; path = ../../../../Desktop/baymaxwarrior.png; sourceTree = "<group>"; };
/* End PBXFileReference section */

/* Begin PBXFrameworksBuildPhase section */
		F79788A11BFC287700884700 /* Frameworks */ = {
			isa = PBXFrameworksBuildPhase;
			buildActionMask = 2147483647;
			files = (
				F73ABEF41C06B31D00B8C048 /* Social.framework in Frameworks */,
				F73ABEF21C06B2FD00B8C048 /* Accounts.framework in Frameworks */,
				F73ABEF01C06B2C400B8C048 /* libsqlite3.tbd in Frameworks */,
				F73ABEEE1C06B2BA00B8C048 /* libz.tbd in Frameworks */,
				F7919FF71C06B7A1001B8C0E /* Parse.framework in Frameworks */,
				F73ABEEC1C06B28500B8C048 /* SystemConfiguration.framework in Frameworks */,
				F7919FF81C06B7A1001B8C0E /* ParseUI.framework in Frameworks */,
				F73ABEEA1C06B27A00B8C048 /* StoreKit.framework in Frameworks */,
				F73ABEE81C06B27400B8C048 /* Security.framework in Frameworks */,
				F73ABEE61C06B27000B8C048 /* QuartzCore.framework in Frameworks */,
				F73ABEE41C06B26400B8C048 /* MobileCoreServices.framework in Frameworks */,
				F73ABEE21C06B26000B8C048 /* CoreLocation.framework in Frameworks */,
				F73ABEE01C06B25C00B8C048 /* CoreGraphics.framework in Frameworks */,
				F73ABEDE1C06B24E00B8C048 /* CFNetwork.framework in Frameworks */,
				F73ABEDC1C06B24300B8C048 /* AudioToolbox.framework in Frameworks */,
				F7919FF61C06B7A1001B8C0E /* Bolts.framework in Frameworks */,
			);
			runOnlyForDeploymentPostprocessing = 0;
		};
		F79788BD1BFC287700884700 /* Frameworks */ = {
			isa = PBXFrameworksBuildPhase;
			buildActionMask = 2147483647;
			files = (
			);
			runOnlyForDeploymentPostprocessing = 0;
		};
		F79788C81BFC287700884700 /* Frameworks */ = {
			isa = PBXFrameworksBuildPhase;
			buildActionMask = 2147483647;
			files = (
			);
			runOnlyForDeploymentPostprocessing = 0;
		};
/* End PBXFrameworksBuildPhase section */

/* Begin PBXGroup section */
		F797889B1BFC287700884700 = {
			isa = PBXGroup;
			children = (
				F7919FF31C06B7A1001B8C0E /* Bolts.framework */,
				F7919FF41C06B7A1001B8C0E /* Parse.framework */,
				F7919FF51C06B7A1001B8C0E /* ParseUI.framework */,
				F73ABEF31C06B31D00B8C048 /* Social.framework */,
				F73ABEF11C06B2FD00B8C048 /* Accounts.framework */,
				F73ABEEF1C06B2C400B8C048 /* libsqlite3.tbd */,
				F73ABEED1C06B2BA00B8C048 /* libz.tbd */,
				F73ABEEB1C06B28500B8C048 /* SystemConfiguration.framework */,
				F73ABEE91C06B27A00B8C048 /* StoreKit.framework */,
				F73ABEE71C06B27400B8C048 /* Security.framework */,
				F73ABEE51C06B27000B8C048 /* QuartzCore.framework */,
				F73ABEE31C06B26400B8C048 /* MobileCoreServices.framework */,
				F73ABEE11C06B26000B8C048 /* CoreLocation.framework */,
				F73ABEDF1C06B25C00B8C048 /* CoreGraphics.framework */,
				F73ABEDD1C06B24E00B8C048 /* CFNetwork.framework */,
				F73ABEDB1C06B24300B8C048 /* AudioToolbox.framework */,
				F73ABED51C06B21C00B8C048 /* Bolts.framework */,
				F73ABED71C06B21C00B8C048 /* ParseUI.framework */,
				F79788A61BFC287700884700 /* WorkoutSelection */,
				F79788C31BFC287700884700 /* WorkoutSelectionTests */,
				F79788CE1BFC287700884700 /* WorkoutSelectionUITests */,
				F79788A51BFC287700884700 /* Products */,
			);
			sourceTree = "<group>";
		};
		F79788A51BFC287700884700 /* Products */ = {
			isa = PBXGroup;
			children = (
				F79788A41BFC287700884700 /* WorkoutSelection.app */,
				F79788C01BFC287700884700 /* WorkoutSelectionTests.xctest */,
				F79788CB1BFC287700884700 /* WorkoutSelectionUITests.xctest */,
			);
			name = Products;
			sourceTree = "<group>";
		};
		F79788A61BFC287700884700 /* WorkoutSelection */ = {
			isa = PBXGroup;
			children = (
				F7F547811C54E3EB008EF1E5 /* IntermediateViewController.h */,
				F7F547861C5503C0008EF1E5 /* baymaxhero.png */,
				F7F547871C5503C0008EF1E5 /* baymaxrookie.png */,
				F7F547881C5503C0008EF1E5 /* baymaxsidekick.png */,
				F7F547891C5503C0008EF1E5 /* baymaxvigilante.png */,
				F7F5478A1C5503C0008EF1E5 /* baymaxwarrior.png */,
				F7F547821C54E3EB008EF1E5 /* IntermediateViewController.m */,
				F755E4FF1C54272600B7C3CB /* ActivitiesViewController.h */,
				F755E5001C54272600B7C3CB /* ActivitiesViewController.m */,
				F755E4FC1C5406D000B7C3CB /* TakePictureViewController.h */,
				F755E4FD1C5406D000B7C3CB /* TakePictureViewController.m */,
				F7919FF91C06BAFE001B8C0E /* logInViewController.h */,
				F7919FFA1C06BAFE001B8C0E /* logInViewController.m */,
				F7919FFC1C0790C4001B8C0E /* SignupViewController.h */,
				F7919FFD1C0790C4001B8C0E /* SignupViewController.m */,
				F79788AA1BFC287700884700 /* AppDelegate.h */,
				F7F547841C54FCE1008EF1E5 /* philadelphia-skyline.jpg */,
				F79788AB1BFC287700884700 /* AppDelegate.m */,
				F767D79B1C0CE47100A0AC49 /* NewWorkoutViewController.h */,
				F767D79C1C0CE47100A0AC49 /* NewWorkoutViewController.m */,
				F7A4B2951BFED08E00A90F09 /* WorkoutTableViewController.h */,
				F7A4B2961BFED08E00A90F09 /* WorkoutTableViewController.m */,
				F7F547751C54D683008EF1E5 /* Main.storyboard */,
				F767D7951C0BC5B300A0AC49 /* DetailsViewController.h */,
				F7F547731C54D239008EF1E5 /* baymaxvig2.png */,
				F767D7961C0BC5B300A0AC49 /* DetailsViewController.m */,
				F75AA2B81C534076003790E8 /* baymax2.png */,
				F7B45A491C14F29C00ABE0CA /* running.png */,
				F7CCF3AF1C14E9500081AC26 /* profile_icons.png */,
				F7CCF3AD1C14E6C70081AC26 /* summerPark.jpg */,
				F7B45A511C14F7F300ABE0CA /* blueWeight.png */,
				F7B45A521C14F7F300ABE0CA /* orangeWorkbook.png */,
				F79788B61BFC287700884700 /* Assets.xcassets */,
				F79788B81BFC287700884700 /* LaunchScreen.storyboard */,
				F79788BB1BFC287700884700 /* Info.plist */,
				F79788A71BFC287700884700 /* Supporting Files */,
			);
			path = WorkoutSelection;
			sourceTree = "<group>";
		};
		F79788A71BFC287700884700 /* Supporting Files */ = {
			isa = PBXGroup;
			children = (
				F79788A81BFC287700884700 /* main.m */,
			);
			name = "Supporting Files";
			sourceTree = "<group>";
		};
		F79788C31BFC287700884700 /* WorkoutSelectionTests */ = {
			isa = PBXGroup;
			children = (
				F79788C41BFC287700884700 /* WorkoutSelectionTests.m */,
				F79788C61BFC287700884700 /* Info.plist */,
			);
			path = WorkoutSelectionTests;
			sourceTree = "<group>";
		};
		F79788CE1BFC287700884700 /* WorkoutSelectionUITests */ = {
			isa = PBXGroup;
			children = (
				F79788CF1BFC287700884700 /* WorkoutSelectionUITests.m */,
				F79788D11BFC287700884700 /* Info.plist */,
			);
			path = WorkoutSelectionUITests;
			sourceTree = "<group>";
		};
/* End PBXGroup section */

/* Begin PBXNativeTarget section */
		F79788A31BFC287700884700 /* WorkoutSelection */ = {
			isa = PBXNativeTarget;
			buildConfigurationList = F79788D41BFC287700884700 /* Build configuration list for PBXNativeTarget "WorkoutSelection" */;
			buildPhases = (
				F79788A01BFC287700884700 /* Sources */,
				F79788A11BFC287700884700 /* Frameworks */,
				F79788A21BFC287700884700 /* Resources */,
			);
			buildRules = (
			);
			dependencies = (
			);
			name = WorkoutSelection;
			productName = WorkoutSelection;
			productReference = F79788A41BFC287700884700 /* WorkoutSelection.app */;
			productType = "com.apple.product-type.application";
		};
		F79788BF1BFC287700884700 /* WorkoutSelectionTests */ = {
			isa = PBXNativeTarget;
			buildConfigurationList = F79788D71BFC287700884700 /* Build configuration list for PBXNativeTarget "WorkoutSelectionTests" */;
			buildPhases = (
				F79788BC1BFC287700884700 /* Sources */,
				F79788BD1BFC287700884700 /* Frameworks */,
				F79788BE1BFC287700884700 /* Resources */,
			);
			buildRules = (
			);
			dependencies = (
				F79788C21BFC287700884700 /* PBXTargetDependency */,
			);
			name = WorkoutSelectionTests;
			productName = WorkoutSelectionTests;
			productReference = F79788C01BFC287700884700 /* WorkoutSelectionTests.xctest */;
			productType = "com.apple.product-type.bundle.unit-test";
		};
		F79788CA1BFC287700884700 /* WorkoutSelectionUITests */ = {
			isa = PBXNativeTarget;
			buildConfigurationList = F79788DA1BFC287700884700 /* Build configuration list for PBXNativeTarget "WorkoutSelectionUITests" */;
			buildPhases = (
				F79788C71BFC287700884700 /* Sources */,
				F79788C81BFC287700884700 /* Frameworks */,
				F79788C91BFC287700884700 /* Resources */,
			);
			buildRules = (
			);
			dependencies = (
				F79788CD1BFC287700884700 /* PBXTargetDependency */,
			);
			name = WorkoutSelectionUITests;
			productName = WorkoutSelectionUITests;
			productReference = F79788CB1BFC287700884700 /* WorkoutSelectionUITests.xctest */;
			productType = "com.apple.product-type.bundle.ui-testing";
		};
/* End PBXNativeTarget section */

/* Begin PBXProject section */
		F797889C1BFC287700884700 /* Project object */ = {
			isa = PBXProject;
			attributes = {
				LastUpgradeCheck = 0720;
				ORGANIZATIONNAME = "Bryan Cam";
				TargetAttributes = {
					F79788A31BFC287700884700 = {
						CreatedOnToolsVersion = 7.2;
						DevelopmentTeam = SACNCM6XH6;
						SystemCapabilities = {
							com.apple.Maps.iOS = {
								enabled = 0;
							};
						};
					};
					F79788BF1BFC287700884700 = {
						CreatedOnToolsVersion = 7.2;
						TestTargetID = F79788A31BFC287700884700;
					};
					F79788CA1BFC287700884700 = {
						CreatedOnToolsVersion = 7.2;
						TestTargetID = F79788A31BFC287700884700;
					};
				};
			};
			buildConfigurationList = F797889F1BFC287700884700 /* Build configuration list for PBXProject "WorkoutSelection" */;
			compatibilityVersion = "Xcode 3.2";
			developmentRegion = English;
			hasScannedForEncodings = 0;
			knownRegions = (
				en,
				Base,
			);
			mainGroup = F797889B1BFC287700884700;
			productRefGroup = F79788A51BFC287700884700 /* Products */;
			projectDirPath = "";
			projectRoot = "";
			targets = (
				F79788A31BFC287700884700 /* WorkoutSelection */,
				F79788BF1BFC287700884700 /* WorkoutSelectionTests */,
				F79788CA1BFC287700884700 /* WorkoutSelectionUITests */,
			);
		};
/* End PBXProject section */

/* Begin PBXResourcesBuildPhase section */
		F79788A21BFC287700884700 /* Resources */ = {
			isa = PBXResourcesBuildPhase;
			buildActionMask = 2147483647;
			files = (
				F7B45A4A1C14F29C00ABE0CA /* running.png in Resources */,
				F7F547761C54D683008EF1E5 /* Main.storyboard in Resources */,
				F75AA2B91C534076003790E8 /* baymax2.png in Resources */,
				F7B45A541C14F7F300ABE0CA /* orangeWorkbook.png in Resources */,
				F7F5478D1C5503C0008EF1E5 /* baymaxsidekick.png in Resources */,
				F7F547741C54D239008EF1E5 /* baymaxvig2.png in Resources */,
				F7F5478E1C5503C0008EF1E5 /* baymaxvigilante.png in Resources */,
				F7F5478B1C5503C0008EF1E5 /* baymaxhero.png in Resources */,
				F7F5478C1C5503C0008EF1E5 /* baymaxrookie.png in Resources */,
				F7F547851C54FCE1008EF1E5 /* philadelphia-skyline.jpg in Resources */,
				F79788BA1BFC287700884700 /* LaunchScreen.storyboard in Resources */,
				F7CCF3AE1C14E6C70081AC26 /* summerPark.jpg in Resources */,
				F7F5478F1C5503C0008EF1E5 /* baymaxwarrior.png in Resources */,
				F79788B71BFC287700884700 /* Assets.xcassets in Resources */,
				F7B45A531C14F7F300ABE0CA /* blueWeight.png in Resources */,
				F7CCF3B01C14E9500081AC26 /* profile_icons.png in Resources */,
			);
			runOnlyForDeploymentPostprocessing = 0;
		};
		F79788BE1BFC287700884700 /* Resources */ = {
			isa = PBXResourcesBuildPhase;
			buildActionMask = 2147483647;
			files = (
			);
			runOnlyForDeploymentPostprocessing = 0;
		};
		F79788C91BFC287700884700 /* Resources */ = {
			isa = PBXResourcesBuildPhase;
			buildActionMask = 2147483647;
			files = (
			);
			runOnlyForDeploymentPostprocessing = 0;
		};
/* End PBXResourcesBuildPhase section */

/* Begin PBXSourcesBuildPhase section */
		F79788A01BFC287700884700 /* Sources */ = {
			isa = PBXSourcesBuildPhase;
			buildActionMask = 2147483647;
			files = (
				F7919FFB1C06BAFE001B8C0E /* logInViewController.m in Sources */,
				F767D79D1C0CE47100A0AC49 /* NewWorkoutViewController.m in Sources */,
				F755E5011C54272600B7C3CB /* ActivitiesViewController.m in Sources */,
				F79788AC1BFC287700884700 /* AppDelegate.m in Sources */,
				F7A4B2971BFED08E00A90F09 /* WorkoutTableViewController.m in Sources */,
				F767D7971C0BC5B300A0AC49 /* DetailsViewController.m in Sources */,
				F7919FFE1C0790C4001B8C0E /* SignupViewController.m in Sources */,
				F755E4FE1C5406D000B7C3CB /* TakePictureViewController.m in Sources */,
				F79788A91BFC287700884700 /* main.m in Sources */,
				F7F547831C54E3EB008EF1E5 /* IntermediateViewController.m in Sources */,
			);
			runOnlyForDeploymentPostprocessing = 0;
		};
		F79788BC1BFC287700884700 /* Sources */ = {
			isa = PBXSourcesBuildPhase;
			buildActionMask = 2147483647;
			files = (
				F79788C51BFC287700884700 /* WorkoutSelectionTests.m in Sources */,
			);
			runOnlyForDeploymentPostprocessing = 0;
		};
		F79788C71BFC287700884700 /* Sources */ = {
			isa = PBXSourcesBuildPhase;
			buildActionMask = 2147483647;
			files = (
				F79788D01BFC287700884700 /* WorkoutSelectionUITests.m in Sources */,
			);
			runOnlyForDeploymentPostprocessing = 0;
		};
/* End PBXSourcesBuildPhase section */

/* Begin PBXTargetDependency section */
		F79788C21BFC287700884700 /* PBXTargetDependency */ = {
			isa = PBXTargetDependency;
			target = F79788A31BFC287700884700 /* WorkoutSelection */;
			targetProxy = F79788C11BFC287700884700 /* PBXContainerItemProxy */;
		};
		F79788CD1BFC287700884700 /* PBXTargetDependency */ = {
			isa = PBXTargetDependency;
			target = F79788A31BFC287700884700 /* WorkoutSelection */;
			targetProxy = F79788CC1BFC287700884700 /* PBXContainerItemProxy */;
		};
/* End PBXTargetDependency section */

/* Begin PBXVariantGroup section */
		F79788B81BFC287700884700 /* LaunchScreen.storyboard */ = {
			isa = PBXVariantGroup;
			children = (
				F79788B91BFC287700884700 /* Base */,
			);
			name = LaunchScreen.storyboard;
			sourceTree = "<group>";
		};
/* End PBXVariantGroup section */

/* Begin XCBuildConfiguration section */
		F79788D21BFC287700884700 /* Debug */ = {
			isa = XCBuildConfiguration;
			buildSettings = {
				ALWAYS_SEARCH_USER_PATHS = NO;
				CLANG_CXX_LANGUAGE_STANDARD = "gnu++0x";
				CLANG_CXX_LIBRARY = "libc++";
				CLANG_ENABLE_MODULES = YES;
				CLANG_ENABLE_OBJC_ARC = YES;
				CLANG_WARN_BOOL_CONVERSION = YES;
				CLANG_WARN_CONSTANT_CONVERSION = YES;
				CLANG_WARN_DIRECT_OBJC_ISA_USAGE = YES_ERROR;
				CLANG_WARN_EMPTY_BODY = YES;
				CLANG_WARN_ENUM_CONVERSION = YES;
				CLANG_WARN_INT_CONVERSION = YES;
				CLANG_WARN_OBJC_ROOT_CLASS = YES_ERROR;
				CLANG_WARN_UNREACHABLE_CODE = YES;
				CLANG_WARN__DUPLICATE_METHOD_MATCH = YES;
				"CODE_SIGN_IDENTITY[sdk=iphoneos*]" = "iPhone Developer";
				COPY_PHASE_STRIP = NO;
				DEBUG_INFORMATION_FORMAT = dwarf;
				ENABLE_STRICT_OBJC_MSGSEND = YES;
				ENABLE_TESTABILITY = YES;
				GCC_C_LANGUAGE_STANDARD = gnu99;
				GCC_DYNAMIC_NO_PIC = NO;
				GCC_NO_COMMON_BLOCKS = YES;
				GCC_OPTIMIZATION_LEVEL = 0;
				GCC_PREPROCESSOR_DEFINITIONS = (
					"DEBUG=1",
					"$(inherited)",
				);
				GCC_WARN_64_TO_32_BIT_CONVERSION = YES;
				GCC_WARN_ABOUT_RETURN_TYPE = YES_ERROR;
				GCC_WARN_UNDECLARED_SELECTOR = YES;
				GCC_WARN_UNINITIALIZED_AUTOS = YES_AGGRESSIVE;
				GCC_WARN_UNUSED_FUNCTION = YES;
				GCC_WARN_UNUSED_VARIABLE = YES;
				IPHONEOS_DEPLOYMENT_TARGET = 9.2;
				MTL_ENABLE_DEBUG_INFO = YES;
				ONLY_ACTIVE_ARCH = YES;
				SDKROOT = iphoneos;
			};
			name = Debug;
		};
		F79788D31BFC287700884700 /* Release */ = {
			isa = XCBuildConfiguration;
			buildSettings = {
				ALWAYS_SEARCH_USER_PATHS = NO;
				CLANG_CXX_LANGUAGE_STANDARD = "gnu++0x";
				CLANG_CXX_LIBRARY = "libc++";
				CLANG_ENABLE_MODULES = YES;
				CLANG_ENABLE_OBJC_ARC = YES;
				CLANG_WARN_BOOL_CONVERSION = YES;
				CLANG_WARN_CONSTANT_CONVERSION = YES;
				CLANG_WARN_DIRECT_OBJC_ISA_USAGE = YES_ERROR;
				CLANG_WARN_EMPTY_BODY = YES;
				CLANG_WARN_ENUM_CONVERSION = YES;
				CLANG_WARN_INT_CONVERSION = YES;
				CLANG_WARN_OBJC_ROOT_CLASS = YES_ERROR;
				CLANG_WARN_UNREACHABLE_CODE = YES;
				CLANG_WARN__DUPLICATE_METHOD_MATCH = YES;
				"CODE_SIGN_IDENTITY[sdk=iphoneos*]" = "iPhone Developer";
				COPY_PHASE_STRIP = NO;
				DEBUG_INFORMATION_FORMAT = "dwarf-with-dsym";
				ENABLE_NS_ASSERTIONS = NO;
				ENABLE_STRICT_OBJC_MSGSEND = YES;
				GCC_C_LANGUAGE_STANDARD = gnu99;
				GCC_NO_COMMON_BLOCKS = YES;
				GCC_WARN_64_TO_32_BIT_CONVERSION = YES;
				GCC_WARN_ABOUT_RETURN_TYPE = YES_ERROR;
				GCC_WARN_UNDECLARED_SELECTOR = YES;
				GCC_WARN_UNINITIALIZED_AUTOS = YES_AGGRESSIVE;
				GCC_WARN_UNUSED_FUNCTION = YES;
				GCC_WARN_UNUSED_VARIABLE = YES;
				IPHONEOS_DEPLOYMENT_TARGET = 9.2;
				MTL_ENABLE_DEBUG_INFO = NO;
				SDKROOT = iphoneos;
				VALIDATE_PRODUCT = YES;
			};
			name = Release;
		};
		F79788D51BFC287700884700 /* Debug */ = {
			isa = XCBuildConfiguration;
			buildSettings = {
				ASSETCATALOG_COMPILER_APPICON_NAME = AppIcon;
				CODE_SIGN_IDENTITY = "iPhone Developer";
				"CODE_SIGN_IDENTITY[sdk=iphoneos*]" = "iPhone Developer";
				FRAMEWORK_SEARCH_PATHS = (
					"$(inherited)",
					"$(PROJECT_DIR)",
				);
				INFOPLIST_FILE = WorkoutSelection/Info.plist;
				IPHONEOS_DEPLOYMENT_TARGET = 8.1;
				LD_RUNPATH_SEARCH_PATHS = "$(inherited) @executable_path/Frameworks";
				PRODUCT_BUNDLE_IDENTIFIER = test.WorkoutSelection;
				PRODUCT_NAME = "$(TARGET_NAME)";
				PROVISIONING_PROFILE = "";
			};
			name = Debug;
		};
		F79788D61BFC287700884700 /* Release */ = {
			isa = XCBuildConfiguration;
			buildSettings = {
				ASSETCATALOG_COMPILER_APPICON_NAME = AppIcon;
				CODE_SIGN_IDENTITY = "iPhone Developer";
				"CODE_SIGN_IDENTITY[sdk=iphoneos*]" = "iPhone Developer";
				FRAMEWORK_SEARCH_PATHS = (
					"$(inherited)",
					"$(PROJECT_DIR)",
				);
				INFOPLIST_FILE = WorkoutSelection/Info.plist;
				IPHONEOS_DEPLOYMENT_TARGET = 8.1;
				LD_RUNPATH_SEARCH_PATHS = "$(inherited) @executable_path/Frameworks";
				PRODUCT_BUNDLE_IDENTIFIER = test.WorkoutSelection;
				PRODUCT_NAME = "$(TARGET_NAME)";
				PROVISIONING_PROFILE = "";
			};
			name = Release;
		};
		F79788D81BFC287700884700 /* Debug */ = {
			isa = XCBuildConfiguration;
			buildSettings = {
				BUNDLE_LOADER = "$(TEST_HOST)";
				INFOPLIST_FILE = WorkoutSelectionTests/Info.plist;
				LD_RUNPATH_SEARCH_PATHS = "$(inherited) @executable_path/Frameworks @loader_path/Frameworks";
				PRODUCT_BUNDLE_IDENTIFIER = test.WorkoutSelectionTests;
				PRODUCT_NAME = "$(TARGET_NAME)";
				TEST_HOST = "$(BUILT_PRODUCTS_DIR)/WorkoutSelection.app/WorkoutSelection";
			};
			name = Debug;
		};
		F79788D91BFC287700884700 /* Release */ = {
			isa = XCBuildConfiguration;
			buildSettings = {
				BUNDLE_LOADER = "$(TEST_HOST)";
				INFOPLIST_FILE = WorkoutSelectionTests/Info.plist;
				LD_RUNPATH_SEARCH_PATHS = "$(inherited) @executable_path/Frameworks @loader_path/Frameworks";
				PRODUCT_BUNDLE_IDENTIFIER = test.WorkoutSelectionTests;
				PRODUCT_NAME = "$(TARGET_NAME)";
				TEST_HOST = "$(BUILT_PRODUCTS_DIR)/WorkoutSelection.app/WorkoutSelection";
			};
			name = Release;
		};
		F79788DB1BFC287700884700 /* Debug */ = {
			isa = XCBuildConfiguration;
			buildSettings = {
				INFOPLIST_FILE = WorkoutSelectionUITests/Info.plist;
				LD_RUNPATH_SEARCH_PATHS = "$(inherited) @executable_path/Frameworks @loader_path/Frameworks";
				PRODUCT_BUNDLE_IDENTIFIER = test.WorkoutSelectionUITests;
				PRODUCT_NAME = "$(TARGET_NAME)";
				TEST_TARGET_NAME = WorkoutSelection;
				USES_XCTRUNNER = YES;
			};
			name = Debug;
		};
		F79788DC1BFC287700884700 /* Release */ = {
			isa = XCBuildConfiguration;
			buildSettings = {
				INFOPLIST_FILE = WorkoutSelectionUITests/Info.plist;
				LD_RUNPATH_SEARCH_PATHS = "$(inherited) @executable_path/Frameworks @loader_path/Frameworks";
				PRODUCT_BUNDLE_IDENTIFIER = test.WorkoutSelectionUITests;
				PRODUCT_NAME = "$(TARGET_NAME)";
				TEST_TARGET_NAME = WorkoutSelection;
				USES_XCTRUNNER = YES;
			};
			name = Release;
		};
/* End XCBuildConfiguration section */

/* Begin XCConfigurationList section */
		F797889F1BFC287700884700 /* Build configuration list for PBXProject "WorkoutSelection" */ = {
			isa = XCConfigurationList;
			buildConfigurations = (
				F79788D21BFC287700884700 /* Debug */,
				F79788D31BFC287700884700 /* Release */,
			);
			defaultConfigurationIsVisible = 0;
			defaultConfigurationName = Release;
		};
		F79788D41BFC287700884700 /* Build configuration list for PBXNativeTarget "WorkoutSelection" */ = {
			isa = XCConfigurationList;
			buildConfigurations = (
				F79788D51BFC287700884700 /* Debug */,
				F79788D61BFC287700884700 /* Release */,
			);
			defaultConfigurationIsVisible = 0;
			defaultConfigurationName = Release;
		};
		F79788D71BFC287700884700 /* Build configuration list for PBXNativeTarget "WorkoutSelectionTests" */ = {
			isa = XCConfigurationList;
			buildConfigurations = (
				F79788D81BFC287700884700 /* Debug */,
				F79788D91BFC287700884700 /* Release */,
			);
			defaultConfigurationIsVisible = 0;
			defaultConfigurationName = Release;
		};
		F79788DA1BFC287700884700 /* Build configuration list for PBXNativeTarget "WorkoutSelectionUITests" */ = {
			isa = XCConfigurationList;
			buildConfigurations = (
				F79788DB1BFC287700884700 /* Debug */,
				F79788DC1BFC287700884700 /* Release */,
			);
			defaultConfigurationIsVisible = 0;
			defaultConfigurationName = Release;
		};
/* End XCConfigurationList section */
	};
	rootObject = F797889C1BFC287700884700 /* Project object */;
}
